// !$*UTF8*$!
{
	archiveVersion = 1;
	classes = {
	};
	objectVersion = 50;
	objects = {

/* Begin PBXBuildFile section */
		73A62D392245C47A00B6F708 /* AppDelegate.swift in Sources */ = {isa = PBXBuildFile; fileRef = 73A62D382245C47A00B6F708 /* AppDelegate.swift */; };
		73A62D3B2245C47A00B6F708 /* ViewController.swift in Sources */ = {isa = PBXBuildFile; fileRef = 73A62D3A2245C47A00B6F708 /* ViewController.swift */; };
		73A62D3E2245C47A00B6F708 /* Main.storyboard in Resources */ = {isa = PBXBuildFile; fileRef = 73A62D3C2245C47A00B6F708 /* Main.storyboard */; };
		73A62D412245C47A00B6F708 /* colorPicker.xcdatamodeld in Sources */ = {isa = PBXBuildFile; fileRef = 73A62D3F2245C47A00B6F708 /* colorPicker.xcdatamodeld */; };
		73A62D432245C47E00B6F708 /* Assets.xcassets in Resources */ = {isa = PBXBuildFile; fileRef = 73A62D422245C47E00B6F708 /* Assets.xcassets */; };
		73A62D462245C47E00B6F708 /* LaunchScreen.storyboard in Resources */ = {isa = PBXBuildFile; fileRef = 73A62D442245C47E00B6F708 /* LaunchScreen.storyboard */; };
		73A62D512245C47E00B6F708 /* colorPickerUITests.swift in Sources */ = {isa = PBXBuildFile; fileRef = 73A62D502245C47E00B6F708 /* colorPickerUITests.swift */; };
/* End PBXBuildFile section */

/* Begin PBXContainerItemProxy section */
		73A62D4D2245C47E00B6F708 /* PBXContainerItemProxy */ = {
			isa = PBXContainerItemProxy;
			containerPortal = 73A62D2D2245C47A00B6F708 /* Project object */;
			proxyType = 1;
			remoteGlobalIDString = 73A62D342245C47A00B6F708;
			remoteInfo = colorPicker;
		};
/* End PBXContainerItemProxy section */

/* Begin PBXFileReference section */
		73A62D352245C47A00B6F708 /* colorPicker.app */ = {isa = PBXFileReference; explicitFileType = wrapper.application; includeInIndex = 0; path = colorPicker.app; sourceTree = BUILT_PRODUCTS_DIR; };
		73A62D382245C47A00B6F708 /* AppDelegate.swift */ = {isa = PBXFileReference; lastKnownFileType = sourcecode.swift; path = AppDelegate.swift; sourceTree = "<group>"; };
		73A62D3A2245C47A00B6F708 /* ViewController.swift */ = {isa = PBXFileReference; lastKnownFileType = sourcecode.swift; path = ViewController.swift; sourceTree = "<group>"; };
		73A62D3D2245C47A00B6F708 /* Base */ = {isa = PBXFileReference; lastKnownFileType = file.storyboard; name = Base; path = Base.lproj/Main.storyboard; sourceTree = "<group>"; };
		73A62D402245C47A00B6F708 /* colorPicker.xcdatamodel */ = {isa = PBXFileReference; lastKnownFileType = wrapper.xcdatamodel; path = colorPicker.xcdatamodel; sourceTree = "<group>"; };
		73A62D422245C47E00B6F708 /* Assets.xcassets */ = {isa = PBXFileReference; lastKnownFileType = folder.assetcatalog; path = Assets.xcassets; sourceTree = "<group>"; };
		73A62D452245C47E00B6F708 /* Base */ = {isa = PBXFileReference; lastKnownFileType = file.storyboard; name = Base; path = Base.lproj/LaunchScreen.storyboard; sourceTree = "<group>"; };
		73A62D472245C47E00B6F708 /* Info.plist */ = {isa = PBXFileReference; lastKnownFileType = text.plist.xml; path = Info.plist; sourceTree = "<group>"; };
		73A62D4C2245C47E00B6F708 /* colorPickerUITests.xctest */ = {isa = PBXFileReference; explicitFileType = wrapper.cfbundle; includeInIndex = 0; path = colorPickerUITests.xctest; sourceTree = BUILT_PRODUCTS_DIR; };
		73A62D502245C47E00B6F708 /* colorPickerUITests.swift */ = {isa = PBXFileReference; lastKnownFileType = sourcecode.swift; path = colorPickerUITests.swift; sourceTree = "<group>"; };
		73A62D522245C47E00B6F708 /* Info.plist */ = {isa = PBXFileReference; lastKnownFileType = text.plist.xml; path = Info.plist; sourceTree = "<group>"; };
/* End PBXFileReference section */

/* Begin PBXFrameworksBuildPhase section */
		73A62D322245C47A00B6F708 /* Frameworks */ = {
			isa = PBXFrameworksBuildPhase;
			buildActionMask = 2147483647;
			files = (
			);
			runOnlyForDeploymentPostprocessing = 0;
		};
		73A62D492245C47E00B6F708 /* Frameworks */ = {
			isa = PBXFrameworksBuildPhase;
			buildActionMask = 2147483647;
			files = (
			);
			runOnlyForDeploymentPostprocessing = 0;
		};
/* End PBXFrameworksBuildPhase section */

/* Begin PBXGroup section */
		73A62D2C2245C47A00B6F708 = {
			isa = PBXGroup;
			children = (
				73A62D372245C47A00B6F708 /* colorPicker */,
				73A62D4F2245C47E00B6F708 /* colorPickerUITests */,
				73A62D362245C47A00B6F708 /* Products */,
			);
			sourceTree = "<group>";
		};
		73A62D362245C47A00B6F708 /* Products */ = {
			isa = PBXGroup;
			children = (
				73A62D352245C47A00B6F708 /* colorPicker.app */,
				73A62D4C2245C47E00B6F708 /* colorPickerUITests.xctest */,
			);
			name = Products;
			sourceTree = "<group>";
		};
		73A62D372245C47A00B6F708 /* colorPicker */ = {
			isa = PBXGroup;
			children = (
				73A62D382245C47A00B6F708 /* AppDelegate.swift */,
				73A62D3A2245C47A00B6F708 /* ViewController.swift */,
				73A62D3C2245C47A00B6F708 /* Main.storyboard */,
				73A62D422245C47E00B6F708 /* Assets.xcassets */,
				73A62D442245C47E00B6F708 /* LaunchScreen.storyboard */,
				73A62D472245C47E00B6F708 /* Info.plist */,
				73A62D3F2245C47A00B6F708 /* colorPicker.xcdatamodeld */,
			);
			path = colorPicker;
			sourceTree = "<group>";
		};
		73A62D4F2245C47E00B6F708 /* colorPickerUITests */ = {
			isa = PBXGroup;
			children = (
				73A62D502245C47E00B6F708 /* colorPickerUITests.swift */,
				73A62D522245C47E00B6F708 /* Info.plist */,
			);
			path = colorPickerUITests;
			sourceTree = "<group>";
		};
/* End PBXGroup section */

/* Begin PBXNativeTarget section */
		73A62D342245C47A00B6F708 /* colorPicker */ = {
			isa = PBXNativeTarget;
			buildConfigurationList = 73A62D552245C47E00B6F708 /* Build configuration list for PBXNativeTarget "colorPicker" */;
			buildPhases = (
				73A62D312245C47A00B6F708 /* Sources */,
				73A62D322245C47A00B6F708 /* Frameworks */,
				73A62D332245C47A00B6F708 /* Resources */,
			);
			buildRules = (
			);
			dependencies = (
			);
			name = colorPicker;
			productName = colorPicker;
			productReference = 73A62D352245C47A00B6F708 /* colorPicker.app */;
			productType = "com.apple.product-type.application";
		};
		73A62D4B2245C47E00B6F708 /* colorPickerUITests */ = {
			isa = PBXNativeTarget;
			buildConfigurationList = 73A62D582245C47E00B6F708 /* Build configuration list for PBXNativeTarget "colorPickerUITests" */;
			buildPhases = (
				73A62D482245C47E00B6F708 /* Sources */,
				73A62D492245C47E00B6F708 /* Frameworks */,
				73A62D4A2245C47E00B6F708 /* Resources */,
			);
			buildRules = (
			);
			dependencies = (
				73A62D4E2245C47E00B6F708 /* PBXTargetDependency */,
			);
			name = colorPickerUITests;
			productName = colorPickerUITests;
			productReference = 73A62D4C2245C47E00B6F708 /* colorPickerUITests.xctest */;
			productType = "com.apple.product-type.bundle.ui-testing";
		};
/* End PBXNativeTarget section */

/* Begin PBXProject section */
		73A62D2D2245C47A00B6F708 /* Project object */ = {
			isa = PBXProject;
			attributes = {
				LastSwiftUpdateCheck = 1010;
				LastUpgradeCheck = 1010;
				ORGANIZATIONNAME = "Cassidy Pelchat";
				TargetAttributes = {
					73A62D342245C47A00B6F708 = {
						CreatedOnToolsVersion = 10.1;
					};
					73A62D4B2245C47E00B6F708 = {
						CreatedOnToolsVersion = 10.1;
						TestTargetID = 73A62D342245C47A00B6F708;
					};
				};
			};
			buildConfigurationList = 73A62D302245C47A00B6F708 /* Build configuration list for PBXProject "colorPicker" */;
			compatibilityVersion = "Xcode 9.3";
			developmentRegion = en;
			hasScannedForEncodings = 0;
			knownRegions = (
				en,
				Base,
			);
			mainGroup = 73A62D2C2245C47A00B6F708;
			productRefGroup = 73A62D362245C47A00B6F708 /* Products */;
			projectDirPath = "";
			projectRoot = "";
			targets = (
				73A62D342245C47A00B6F708 /* colorPicker */,
				73A62D4B2245C47E00B6F708 /* colorPickerUITests */,
			);
		};
/* End PBXProject section */

/* Begin PBXResourcesBuildPhase section */
		73A62D332245C47A00B6F708 /* Resources */ = {
			isa = PBXResourcesBuildPhase;
			buildActionMask = 2147483647;
			files = (
				73A62D462245C47E00B6F708 /* LaunchScreen.storyboard in Resources */,
				73A62D432245C47E00B6F708 /* Assets.xcassets in Resources */,
				73A62D3E2245C47A00B6F708 /* Main.storyboard in Resources */,
			);
			runOnlyForDeploymentPostprocessing = 0;
		};
		73A62D4A2245C47E00B6F708 /* Resources */ = {
			isa = PBXResourcesBuildPhase;
			buildActionMask = 2147483647;
			files = (
			);
			runOnlyForDeploymentPostprocessing = 0;
		};
/* End PBXResourcesBuildPhase section */

/* Begin PBXSourcesBuildPhase section */
		73A62D312245C47A00B6F708 /* Sources */ = {
			isa = PBXSourcesBuildPhase;
			buildActionMask = 2147483647;
			files = (
				73A62D412245C47A00B6F708 /* colorPicker.xcdatamodeld in Sources */,
				73A62D3B2245C47A00B6F708 /* ViewController.swift in Sources */,
				73A62D392245C47A00B6F708 /* AppDelegate.swift in Sources */,
			);
			runOnlyForDeploymentPostprocessing = 0;
		};
		73A62D482245C47E00B6F708 /* Sources */ = {
			isa = PBXSourcesBuildPhase;
			buildActionMask = 2147483647;
			files = (
				73A62D512245C47E00B6F708 /* colorPickerUITests.swift in Sources */,
			);
			runOnlyForDeploymentPostprocessing = 0;
		};
/* End PBXSourcesBuildPhase section */

/* Begin PBXTargetDependency section */
		73A62D4E2245C47E00B6F708 /* PBXTargetDependency */ = {
			isa = PBXTargetDependency;
			target = 73A62D342245C47A00B6F708 /* colorPicker */;
			targetProxy = 73A62D4D2245C47E00B6F708 /* PBXContainerItemProxy */;
		};
/* End PBXTargetDependency section */

/* Begin PBXVariantGroup section */
		73A62D3C2245C47A00B6F708 /* Main.storyboard */ = {
			isa = PBXVariantGroup;
			children = (
				73A62D3D2245C47A00B6F708 /* Base */,
			);
			name = Main.storyboard;
			sourceTree = "<group>";
		};
		73A62D442245C47E00B6F708 /* LaunchScreen.storyboard */ = {
			isa = PBXVariantGroup;
			children = (
				73A62D452245C47E00B6F708 /* Base */,
			);
			name = LaunchScreen.storyboard;
			sourceTree = "<group>";
		};
/* End PBXVariantGroup section */

/* Begin XCBuildConfiguration section */
		73A62D532245C47E00B6F708 /* Debug */ = {
			isa = XCBuildConfiguration;
			buildSettings = {
				ALWAYS_SEARCH_USER_PATHS = NO;
				CLANG_ANALYZER_NONNULL = YES;
				CLANG_ANALYZER_NUMBER_OBJECT_CONVERSION = YES_AGGRESSIVE;
				CLANG_CXX_LANGUAGE_STANDARD = "gnu++14";
				CLANG_CXX_LIBRARY = "libc++";
				CLANG_ENABLE_MODULES = YES;
				CLANG_ENABLE_OBJC_ARC = YES;
				CLANG_ENABLE_OBJC_WEAK = YES;
				CLANG_WARN_BLOCK_CAPTURE_AUTORELEASING = YES;
				CLANG_WARN_BOOL_CONVERSION = YES;
				CLANG_WARN_COMMA = YES;
				CLANG_WARN_CONSTANT_CONVERSION = YES;
				CLANG_WARN_DEPRECATED_OBJC_IMPLEMENTATIONS = YES;
				CLANG_WARN_DIRECT_OBJC_ISA_USAGE = YES_ERROR;
				CLANG_WARN_DOCUMENTATION_COMMENTS = YES;
				CLANG_WARN_EMPTY_BODY = YES;
				CLANG_WARN_ENUM_CONVERSION = YES;
				CLANG_WARN_INFINITE_RECURSION = YES;
				CLANG_WARN_INT_CONVERSION = YES;
				CLANG_WARN_NON_LITERAL_NULL_CONVERSION = YES;
				CLANG_WARN_OBJC_IMPLICIT_RETAIN_SELF = YES;
				CLANG_WARN_OBJC_LITERAL_CONVERSION = YES;
				CLANG_WARN_OBJC_ROOT_CLASS = YES_ERROR;
				CLANG_WARN_RANGE_LOOP_ANALYSIS = YES;
				CLANG_WARN_STRICT_PROTOTYPES = YES;
				CLANG_WARN_SUSPICIOUS_MOVE = YES;
				CLANG_WARN_UNGUARDED_AVAILABILITY = YES_AGGRESSIVE;
				CLANG_WARN_UNREACHABLE_CODE = YES;
				CLANG_WARN__DUPLICATE_METHOD_MATCH = YES;
				CODE_SIGN_IDENTITY = "iPhone Developer";
				COPY_PHASE_STRIP = NO;
				DEBUG_INFORMATION_FORMAT = dwarf;
				ENABLE_STRICT_OBJC_MSGSEND = YES;
				ENABLE_TESTABILITY = YES;
				GCC_C_LANGUAGE_STANDARD = gnu11;
				GCC_DYNAMIC_NO_PIC = NO;
				GCC_NO_COMMON_BLOCKS = YES;
				GCC_OPTIMIZATION_LEVEL = 0;
				GCC_PREPROCESSOR_DEFINITIONS = (
					"DEBUG=1",
					"$(inherited)",
				);
				GCC_WARN_64_TO_32_BIT_CONVERSION = YES;
				GCC_WARN_ABOUT_RETURN_TYPE = YES_ERROR;
				GCC_WARN_UNDECLARED_SELECTOR = YES;
				GCC_WARN_UNINITIALIZED_AUTOS = YES_AGGRESSIVE;
				GCC_WARN_UNUSED_FUNCTION = YES;
				GCC_WARN_UNUSED_VARIABLE = YES;
				IPHONEOS_DEPLOYMENT_TARGET = 12.1;
				MTL_ENABLE_DEBUG_INFO = INCLUDE_SOURCE;
				MTL_FAST_MATH = YES;
				ONLY_ACTIVE_ARCH = YES;
				SDKROOT = iphoneos;
				SWIFT_ACTIVE_COMPILATION_CONDITIONS = DEBUG;
				SWIFT_OPTIMIZATION_LEVEL = "-Onone";
			};
			name = Debug;
		};
		73A62D542245C47E00B6F708 /* Release */ = {
			isa = XCBuildConfiguration;
			buildSettings = {
				ALWAYS_SEARCH_USER_PATHS = NO;
				CLANG_ANALYZER_NONNULL = YES;
				CLANG_ANALYZER_NUMBER_OBJECT_CONVERSION = YES_AGGRESSIVE;
				CLANG_CXX_LANGUAGE_STANDARD = "gnu++14";
				CLANG_CXX_LIBRARY = "libc++";
				CLANG_ENABLE_MODULES = YES;
				CLANG_ENABLE_OBJC_ARC = YES;
				CLANG_ENABLE_OBJC_WEAK = YES;
				CLANG_WARN_BLOCK_CAPTURE_AUTORELEASING = YES;
				CLANG_WARN_BOOL_CONVERSION = YES;
				CLANG_WARN_COMMA = YES;
				CLANG_WARN_CONSTANT_CONVERSION = YES;
				CLANG_WARN_DEPRECATED_OBJC_IMPLEMENTATIONS = YES;
				CLANG_WARN_DIRECT_OBJC_ISA_USAGE = YES_ERROR;
				CLANG_WARN_DOCUMENTATION_COMMENTS = YES;
				CLANG_WARN_EMPTY_BODY = YES;
				CLANG_WARN_ENUM_CONVERSION = YES;
				CLANG_WARN_INFINITE_RECURSION = YES;
				CLANG_WARN_INT_CONVERSION = YES;
				CLANG_WARN_NON_LITERAL_NULL_CONVERSION = YES;
				CLANG_WARN_OBJC_IMPLICIT_RETAIN_SELF = YES;
				CLANG_WARN_OBJC_LITERAL_CONVERSION = YES;
				CLANG_WARN_OBJC_ROOT_CLASS = YES_ERROR;
				CLANG_WARN_RANGE_LOOP_ANALYSIS = YES;
				CLANG_WARN_STRICT_PROTOTYPES = YES;
				CLANG_WARN_SUSPICIOUS_MOVE = YES;
				CLANG_WARN_UNGUARDED_AVAILABILITY = YES_AGGRESSIVE;
				CLANG_WARN_UNREACHABLE_CODE = YES;
				CLANG_WARN__DUPLICATE_METHOD_MATCH = YES;
				CODE_SIGN_IDENTITY = "iPhone Developer";
				COPY_PHASE_STRIP = NO;
				DEBUG_INFORMATION_FORMAT = "dwarf-with-dsym";
				ENABLE_NS_ASSERTIONS = NO;
				ENABLE_STRICT_OBJC_MSGSEND = YES;
				GCC_C_LANGUAGE_STANDARD = gnu11;
				GCC_NO_COMMON_BLOCKS = YES;
				GCC_WARN_64_TO_32_BIT_CONVERSION = YES;
				GCC_WARN_ABOUT_RETURN_TYPE = YES_ERROR;
				GCC_WARN_UNDECLARED_SELECTOR = YES;
				GCC_WARN_UNINITIALIZED_AUTOS = YES_AGGRESSIVE;
				GCC_WARN_UNUSED_FUNCTION = YES;
				GCC_WARN_UNUSED_VARIABLE = YES;
				IPHONEOS_DEPLOYMENT_TARGET = 12.1;
				MTL_ENABLE_DEBUG_INFO = NO;
				MTL_FAST_MATH = YES;
				SDKROOT = iphoneos;
				SWIFT_COMPILATION_MODE = wholemodule;
				SWIFT_OPTIMIZATION_LEVEL = "-O";
				VALIDATE_PRODUCT = YES;
			};
			name = Release;
		};
		73A62D562245C47E00B6F708 /* Debug */ = {
			isa = XCBuildConfiguration;
			buildSettings = {
				ASSETCATALOG_COMPILER_APPICON_NAME = AppIcon;
				CODE_SIGN_STYLE = Automatic;
				INFOPLIST_FILE = colorPicker/Info.plist;
				LD_RUNPATH_SEARCH_PATHS = (
					"$(inherited)",
					"@executable_path/Frameworks",
				);
				PRODUCT_BUNDLE_IDENTIFIER = edu.missouri.colorPicker;
				PRODUCT_NAME = "$(TARGET_NAME)";
				SWIFT_VERSION = 4.2;
				TARGETED_DEVICE_FAMILY = "1,2";
			};
			name = Debug;
		};
		73A62D572245C47E00B6F708 /* Release */ = {
			isa = XCBuildConfiguration;
			buildSettings = {
				ASSETCATALOG_COMPILER_APPICON_NAME = AppIcon;
				CODE_SIGN_STYLE = Automatic;
				INFOPLIST_FILE = colorPicker/Info.plist;
				LD_RUNPATH_SEARCH_PATHS = (
					"$(inherited)",
					"@executable_path/Frameworks",
				);
				PRODUCT_BUNDLE_IDENTIFIER = edu.missouri.colorPicker;
				PRODUCT_NAME = "$(TARGET_NAME)";
				SWIFT_VERSION = 4.2;
				TARGETED_DEVICE_FAMILY = "1,2";
			};
			name = Release;
		};
		73A62D592245C47E00B6F708 /* Debug */ = {
			isa = XCBuildConfiguration;
			buildSettings = {
				ALWAYS_EMBED_SWIFT_STANDARD_LIBRARIES = YES;
				CODE_SIGN_STYLE = Automatic;
				INFOPLIST_FILE = colorPickerUITests/Info.plist;
				LD_RUNPATH_SEARCH_PATHS = (
					"$(inherited)",
					"@executable_path/Frameworks",
					"@loader_path/Frameworks",
				);
				PRODUCT_BUNDLE_IDENTIFIER = edu.missouri.colorPickerUITests;
				PRODUCT_NAME = "$(TARGET_NAME)";
				SWIFT_VERSION = 4.2;
				TARGETED_DEVICE_FAMILY = "1,2";
				TEST_TARGET_NAME = colorPicker;
			};
			name = Debug;
		};
		73A62D5A2245C47E00B6F708 /* Release */ = {
			isa = XCBuildConfiguration;
			buildSettings = {
				ALWAYS_EMBED_SWIFT_STANDARD_LIBRARIES = YES;
				CODE_SIGN_STYLE = Automatic;
				INFOPLIST_FILE = colorPickerUITests/Info.plist;
				LD_RUNPATH_SEARCH_PATHS = (
					"$(inherited)",
					"@executable_path/Frameworks",
					"@loader_path/Frameworks",
				);
				PRODUCT_BUNDLE_IDENTIFIER = edu.missouri.colorPickerUITests;
				PRODUCT_NAME = "$(TARGET_NAME)";
				SWIFT_VERSION = 4.2;
				TARGETED_DEVICE_FAMILY = "1,2";
				TEST_TARGET_NAME = colorPicker;
			};
			name = Release;
		};
/* End XCBuildConfiguration section */

/* Begin XCConfigurationList section */
		73A62D302245C47A00B6F708 /* Build configuration list for PBXProject "colorPicker" */ = {
			isa = XCConfigurationList;
			buildConfigurations = (
				73A62D532245C47E00B6F708 /* Debug */,
				73A62D542245C47E00B6F708 /* Release */,
			);
			defaultConfigurationIsVisible = 0;
			defaultConfigurationName = Release;
		};
		73A62D552245C47E00B6F708 /* Build configuration list for PBXNativeTarget "colorPicker" */ = {
			isa = XCConfigurationList;
			buildConfigurations = (
				73A62D562245C47E00B6F708 /* Debug */,
				73A62D572245C47E00B6F708 /* Release */,
			);
			defaultConfigurationIsVisible = 0;
			defaultConfigurationName = Release;
		};
		73A62D582245C47E00B6F708 /* Build configuration list for PBXNativeTarget "colorPickerUITests" */ = {
			isa = XCConfigurationList;
			buildConfigurations = (
				73A62D592245C47E00B6F708 /* Debug */,
				73A62D5A2245C47E00B6F708 /* Release */,
			);
			defaultConfigurationIsVisible = 0;
			defaultConfigurationName = Release;
		};
/* End XCConfigurationList section */

/* Begin XCVersionGroup section */
		73A62D3F2245C47A00B6F708 /* colorPicker.xcdatamodeld */ = {
			isa = XCVersionGroup;
			children = (
				73A62D402245C47A00B6F708 /* colorPicker.xcdatamodel */,
			);
			currentVersion = 73A62D402245C47A00B6F708 /* colorPicker.xcdatamodel */;
			path = colorPicker.xcdatamodeld;
			sourceTree = "<group>";
			versionGroupType = wrapper.xcdatamodel;
		};
/* End XCVersionGroup section */
	};
	rootObject = 73A62D2D2245C47A00B6F708 /* Project object */;
}
